
Microsoft Visual Studio Solution File, Format Version 12.00
# Visual Studio Version 17
VisualStudioVersion = 17.4.33205.214
MinimumVisualStudioVersion = 10.0.40219.1
Project("{9A19103F-16F7-4668-BE54-9A1E7A4F7556}") = "CSharp.SourceGen.Fsx", "CSharp.SourceGen.Fsx\CSharp.SourceGen.Fsx.csproj", "{CC3F0EA0-B2FB-43EA-B621-99C62A835D49}"
EndProject
Project("{9A19103F-16F7-4668-BE54-9A1E7A4F7556}") = "CSharp.SourceGen.Fsx.Tests", "CSharp.SourceGen.Fsx.Tests\CSharp.SourceGen.Fsx.Tests.csproj", "{02A0391C-537C-4A9A-8361-31A29F089FC7}"
EndProject
Global
	GlobalSection(SolutionConfigurationPlatforms) = preSolution
		Debug|Any CPU = Debug|Any CPU
		Release|Any CPU = Release|Any CPU
	EndGlobalSection
	GlobalSection(ProjectConfigurationPlatforms) = postSolution
		{CC3F0EA0-B2FB-43EA-B621-99C62A835D49}.Debug|Any CPU.ActiveCfg = Debug|Any CPU
		{CC3F0EA0-B2FB-43EA-B621-99C62A835D49}.Debug|Any CPU.Build.0 = Debug|Any CPU
		{CC3F0EA0-B2FB-43EA-B621-99C62A835D49}.Release|Any CPU.ActiveCfg = Release|Any CPU
		{CC3F0EA0-B2FB-43EA-B621-99C62A835D49}.Release|Any CPU.Build.0 = Release|Any CPU
		{02A0391C-537C-4A9A-8361-31A29F089FC7}.Debug|Any CPU.ActiveCfg = Debug|Any CPU
		{02A0391C-537C-4A9A-8361-31A29F089FC7}.Debug|Any CPU.Build.0 = Debug|Any CPU
		{02A0391C-537C-4A9A-8361-31A29F089FC7}.Release|Any CPU.ActiveCfg = Release|Any CPU
		{02A0391C-537C-4A9A-8361-31A29F089FC7}.Release|Any CPU.Build.0 = Release|Any CPU
	EndGlobalSection
	GlobalSection(SolutionProperties) = preSolution
		HideSolutionNode = FALSE
	EndGlobalSection
	GlobalSection(ExtensibilityGlobals) = postSolution
		SolutionGuid = {A5F566FC-86C0-4C58-9146-08049B07406A}
	EndGlobalSection
EndGlobal
